
Microsoft Visual Studio Solution File, Format Version 12.00
# Visual Studio Version 17
VisualStudioVersion = 17.3.32819.101
MinimumVisualStudioVersion = 10.0.40219.1
Project("{FAE04EC0-301F-11D3-BF4B-00C04F79EFBC}") = "Dima.Diplom3", "Dima.Diplom3\Dima.Diplom3.csproj", "{6BCDA479-FE1E-42F5-A9E6-038880E971DE}"
EndProject
Global
	GlobalSection(SolutionConfigurationPlatforms) = preSolution
		Debug|Any CPU = Debug|Any CPU
		Release|Any CPU = Release|Any CPU
	EndGlobalSection
	GlobalSection(ProjectConfigurationPlatforms) = postSolution
		{6BCDA479-FE1E-42F5-A9E6-038880E971DE}.Debug|Any CPU.ActiveCfg = Debug|Any CPU
		{6BCDA479-FE1E-42F5-A9E6-038880E971DE}.Debug|Any CPU.Build.0 = Debug|Any CPU
		{6BCDA479-FE1E-42F5-A9E6-038880E971DE}.Release|Any CPU.ActiveCfg = Release|Any CPU
		{6BCDA479-FE1E-42F5-A9E6-038880E971DE}.Release|Any CPU.Build.0 = Release|Any CPU
	EndGlobalSection
	GlobalSection(SolutionProperties) = preSolution
		HideSolutionNode = FALSE
	EndGlobalSection
	GlobalSection(ExtensibilityGlobals) = postSolution
		SolutionGuid = {C05894C2-128F-4F14-B37D-EDA0FA6F931E}
	EndGlobalSection
EndGlobal
